
Microsoft Visual Studio Solution File, Format Version 12.00
# Visual Studio 15
VisualStudioVersion = 15.0.27428.2005
MinimumVisualStudioVersion = 10.0.40219.1
Project("{9A19103F-16F7-4668-BE54-9A1E7A4F7556}") = "OctoView.Github", "OctoView.Github\OctoView.Github.csproj", "{40F74436-5A9C-48A3-B940-25F0ECBB6530}"
EndProject
Project("{9A19103F-16F7-4668-BE54-9A1E7A4F7556}") = "OctoView.Web", "OctoView.Web\OctoView.Web.csproj", "{8A6AB117-0065-48E1-9FDE-CD6D12C1C17B}"
EndProject
Global
	GlobalSection(SolutionConfigurationPlatforms) = preSolution
		Debug|Any CPU = Debug|Any CPU
		Release|Any CPU = Release|Any CPU
	EndGlobalSection
	GlobalSection(ProjectConfigurationPlatforms) = postSolution
		{40F74436-5A9C-48A3-B940-25F0ECBB6530}.Debug|Any CPU.ActiveCfg = Debug|Any CPU
		{40F74436-5A9C-48A3-B940-25F0ECBB6530}.Debug|Any CPU.Build.0 = Debug|Any CPU
		{40F74436-5A9C-48A3-B940-25F0ECBB6530}.Release|Any CPU.ActiveCfg = Release|Any CPU
		{40F74436-5A9C-48A3-B940-25F0ECBB6530}.Release|Any CPU.Build.0 = Release|Any CPU
		{8A6AB117-0065-48E1-9FDE-CD6D12C1C17B}.Debug|Any CPU.ActiveCfg = Debug|Any CPU
		{8A6AB117-0065-48E1-9FDE-CD6D12C1C17B}.Debug|Any CPU.Build.0 = Debug|Any CPU
		{8A6AB117-0065-48E1-9FDE-CD6D12C1C17B}.Release|Any CPU.ActiveCfg = Release|Any CPU
		{8A6AB117-0065-48E1-9FDE-CD6D12C1C17B}.Release|Any CPU.Build.0 = Release|Any CPU
	EndGlobalSection
	GlobalSection(SolutionProperties) = preSolution
		HideSolutionNode = FALSE
	EndGlobalSection
	GlobalSection(ExtensibilityGlobals) = postSolution
		SolutionGuid = {29D04E8C-0AEC-4104-ABB4-A87CC201F982}
	EndGlobalSection
EndGlobal
